// !$*UTF8*$!
{
	archiveVersion = 1;
	classes = {
	};
	objectVersion = 55;
	objects = {

/* Begin PBXBuildFile section */
		D087BCE526F4B8CE00E16111 /* GitHubUserSearchApp.swift in Sources */ = {isa = PBXBuildFile; fileRef = D087BCE426F4B8CE00E16111 /* GitHubUserSearchApp.swift */; };
		D087BCE726F4B8CE00E16111 /* SearchListView.swift in Sources */ = {isa = PBXBuildFile; fileRef = D087BCE626F4B8CE00E16111 /* SearchListView.swift */; };
		D087BCE926F4B8D400E16111 /* Assets.xcassets in Resources */ = {isa = PBXBuildFile; fileRef = D087BCE826F4B8D400E16111 /* Assets.xcassets */; };
		D087BCEC26F4B8D400E16111 /* Preview Assets.xcassets in Resources */ = {isa = PBXBuildFile; fileRef = D087BCEB26F4B8D400E16111 /* Preview Assets.xcassets */; };
		D087BCF326F4BBD200E16111 /* UserModel.swift in Sources */ = {isa = PBXBuildFile; fileRef = D087BCF226F4BBD200E16111 /* UserModel.swift */; };
		D087BCF526F4E37F00E16111 /* APIModel.swift in Sources */ = {isa = PBXBuildFile; fileRef = D087BCF426F4E37F00E16111 /* APIModel.swift */; };
		D087BCF726F4E6BB00E16111 /* UserListCell.swift in Sources */ = {isa = PBXBuildFile; fileRef = D087BCF626F4E6BB00E16111 /* UserListCell.swift */; };
		D087BCF926F4F24E00E16111 /* APIClient.swift in Sources */ = {isa = PBXBuildFile; fileRef = D087BCF826F4F24E00E16111 /* APIClient.swift */; };
		D0AFEBF826F8F6750091FF8E /* UserDetailView.swift in Sources */ = {isa = PBXBuildFile; fileRef = D0AFEBF726F8F6750091FF8E /* UserDetailView.swift */; };
		D0AFEBFC26F8F7870091FF8E /* UserButton.swift in Sources */ = {isa = PBXBuildFile; fileRef = D0AFEBFB26F8F7870091FF8E /* UserButton.swift */; };
		D0AFEBFF26F901E70091FF8E /* RemoveDuplicates.swift in Sources */ = {isa = PBXBuildFile; fileRef = D0AFEBFE26F901E70091FF8E /* RemoveDuplicates.swift */; };
		D0AFEC0326F91F520091FF8E /* XButton.swift in Sources */ = {isa = PBXBuildFile; fileRef = D0AFEC0226F91F520091FF8E /* XButton.swift */; };
		D0AFEC0526F924F90091FF8E /* UserRepos.swift in Sources */ = {isa = PBXBuildFile; fileRef = D0AFEC0426F924F90091FF8E /* UserRepos.swift */; };
		D0D4057A26F9B8400034D2A4 /* RepoListCell.swift in Sources */ = {isa = PBXBuildFile; fileRef = D0D4057926F9B8400034D2A4 /* RepoListCell.swift */; };
		D0EFA55026F51738005FBEDB /* SearchListViewModel.swift in Sources */ = {isa = PBXBuildFile; fileRef = D0EFA54F26F51738005FBEDB /* SearchListViewModel.swift */; };
		D0EFA55426F53E24005FBEDB /* APIData.swift in Sources */ = {isa = PBXBuildFile; fileRef = D0EFA55326F53E24005FBEDB /* APIData.swift */; };
		D0EFA55626F67906005FBEDB /* ImageLoader.swift in Sources */ = {isa = PBXBuildFile; fileRef = D0EFA55526F67906005FBEDB /* ImageLoader.swift */; };
		D0EFA55826F679EB005FBEDB /* AsyncImage.swift in Sources */ = {isa = PBXBuildFile; fileRef = D0EFA55726F679EB005FBEDB /* AsyncImage.swift */; };
		D0EFA55A26F68CB2005FBEDB /* ImageCache.swift in Sources */ = {isa = PBXBuildFile; fileRef = D0EFA55926F68CB2005FBEDB /* ImageCache.swift */; };
		D0EFA55C26F68D7E005FBEDB /* ImageUtil.swift in Sources */ = {isa = PBXBuildFile; fileRef = D0EFA55B26F68D7E005FBEDB /* ImageUtil.swift */; };
		D0EFA56426F6970B005FBEDB /* LoadingView.swift in Sources */ = {isa = PBXBuildFile; fileRef = D0EFA56326F6970B005FBEDB /* LoadingView.swift */; };
		D0EFA56626F69DCB005FBEDB /* ErrorView.swift in Sources */ = {isa = PBXBuildFile; fileRef = D0EFA56526F69DCB005FBEDB /* ErrorView.swift */; };
/* End PBXBuildFile section */

/* Begin PBXFileReference section */
		D087BCE126F4B8CE00E16111 /* GitHubUserSearch.app */ = {isa = PBXFileReference; explicitFileType = wrapper.application; includeInIndex = 0; path = GitHubUserSearch.app; sourceTree = BUILT_PRODUCTS_DIR; };
		D087BCE426F4B8CE00E16111 /* GitHubUserSearchApp.swift */ = {isa = PBXFileReference; lastKnownFileType = sourcecode.swift; path = GitHubUserSearchApp.swift; sourceTree = "<group>"; };
		D087BCE626F4B8CE00E16111 /* SearchListView.swift */ = {isa = PBXFileReference; lastKnownFileType = sourcecode.swift; path = SearchListView.swift; sourceTree = "<group>"; };
		D087BCE826F4B8D400E16111 /* Assets.xcassets */ = {isa = PBXFileReference; lastKnownFileType = folder.assetcatalog; path = Assets.xcassets; sourceTree = "<group>"; };
		D087BCEB26F4B8D400E16111 /* Preview Assets.xcassets */ = {isa = PBXFileReference; lastKnownFileType = folder.assetcatalog; path = "Preview Assets.xcassets"; sourceTree = "<group>"; };
		D087BCF226F4BBD200E16111 /* UserModel.swift */ = {isa = PBXFileReference; lastKnownFileType = sourcecode.swift; path = UserModel.swift; sourceTree = "<group>"; };
		D087BCF426F4E37F00E16111 /* APIModel.swift */ = {isa = PBXFileReference; lastKnownFileType = sourcecode.swift; path = APIModel.swift; sourceTree = "<group>"; };
		D087BCF626F4E6BB00E16111 /* UserListCell.swift */ = {isa = PBXFileReference; lastKnownFileType = sourcecode.swift; path = UserListCell.swift; sourceTree = "<group>"; };
		D087BCF826F4F24E00E16111 /* APIClient.swift */ = {isa = PBXFileReference; lastKnownFileType = sourcecode.swift; path = APIClient.swift; sourceTree = "<group>"; };
		D0AFEBF726F8F6750091FF8E /* UserDetailView.swift */ = {isa = PBXFileReference; lastKnownFileType = sourcecode.swift; path = UserDetailView.swift; sourceTree = "<group>"; };
		D0AFEBFB26F8F7870091FF8E /* UserButton.swift */ = {isa = PBXFileReference; lastKnownFileType = sourcecode.swift; path = UserButton.swift; sourceTree = "<group>"; };
		D0AFEBFE26F901E70091FF8E /* RemoveDuplicates.swift */ = {isa = PBXFileReference; lastKnownFileType = sourcecode.swift; path = RemoveDuplicates.swift; sourceTree = "<group>"; };
		D0AFEC0226F91F520091FF8E /* XButton.swift */ = {isa = PBXFileReference; lastKnownFileType = sourcecode.swift; path = XButton.swift; sourceTree = "<group>"; };
		D0AFEC0426F924F90091FF8E /* UserRepos.swift */ = {isa = PBXFileReference; lastKnownFileType = sourcecode.swift; path = UserRepos.swift; sourceTree = "<group>"; };
		D0D4057926F9B8400034D2A4 /* RepoListCell.swift */ = {isa = PBXFileReference; lastKnownFileType = sourcecode.swift; path = RepoListCell.swift; sourceTree = "<group>"; };
		D0EFA54F26F51738005FBEDB /* SearchListViewModel.swift */ = {isa = PBXFileReference; lastKnownFileType = sourcecode.swift; path = SearchListViewModel.swift; sourceTree = "<group>"; };
		D0EFA55326F53E24005FBEDB /* APIData.swift */ = {isa = PBXFileReference; lastKnownFileType = sourcecode.swift; path = APIData.swift; sourceTree = "<group>"; };
		D0EFA55526F67906005FBEDB /* ImageLoader.swift */ = {isa = PBXFileReference; lastKnownFileType = sourcecode.swift; path = ImageLoader.swift; sourceTree = "<group>"; };
		D0EFA55726F679EB005FBEDB /* AsyncImage.swift */ = {isa = PBXFileReference; lastKnownFileType = sourcecode.swift; path = AsyncImage.swift; sourceTree = "<group>"; };
		D0EFA55926F68CB2005FBEDB /* ImageCache.swift */ = {isa = PBXFileReference; lastKnownFileType = sourcecode.swift; path = ImageCache.swift; sourceTree = "<group>"; };
		D0EFA55B26F68D7E005FBEDB /* ImageUtil.swift */ = {isa = PBXFileReference; lastKnownFileType = sourcecode.swift; path = ImageUtil.swift; sourceTree = "<group>"; };
		D0EFA56326F6970B005FBEDB /* LoadingView.swift */ = {isa = PBXFileReference; lastKnownFileType = sourcecode.swift; path = LoadingView.swift; sourceTree = "<group>"; };
		D0EFA56526F69DCB005FBEDB /* ErrorView.swift */ = {isa = PBXFileReference; lastKnownFileType = sourcecode.swift; path = ErrorView.swift; sourceTree = "<group>"; };
/* End PBXFileReference section */

/* Begin PBXFrameworksBuildPhase section */
		D087BCDE26F4B8CE00E16111 /* Frameworks */ = {
			isa = PBXFrameworksBuildPhase;
			buildActionMask = 2147483647;
			files = (
			);
			runOnlyForDeploymentPostprocessing = 0;
		};
/* End PBXFrameworksBuildPhase section */

/* Begin PBXGroup section */
		D087BCD826F4B8CE00E16111 = {
			isa = PBXGroup;
			children = (
				D087BCE326F4B8CE00E16111 /* GitHubUserSearch */,
				D087BCE226F4B8CE00E16111 /* Products */,
			);
			sourceTree = "<group>";
		};
		D087BCE226F4B8CE00E16111 /* Products */ = {
			isa = PBXGroup;
			children = (
				D087BCE126F4B8CE00E16111 /* GitHubUserSearch.app */,
			);
			name = Products;
			sourceTree = "<group>";
		};
		D087BCE326F4B8CE00E16111 /* GitHubUserSearch */ = {
			isa = PBXGroup;
			children = (
				D0AFEC0026F9022C0091FF8E /* ViewModel */,
				D0EFA56126F69508005FBEDB /* Utilities */,
				D0EFA56026F69450005FBEDB /* Networking */,
				D0EFA55E26F69385005FBEDB /* Views */,
				D0EFA55D26F6934F005FBEDB /* Model */,
				D087BCE426F4B8CE00E16111 /* GitHubUserSearchApp.swift */,
				D087BCE826F4B8D400E16111 /* Assets.xcassets */,
				D087BCEA26F4B8D400E16111 /* Preview Content */,
			);
			path = GitHubUserSearch;
			sourceTree = "<group>";
		};
		D087BCEA26F4B8D400E16111 /* Preview Content */ = {
			isa = PBXGroup;
			children = (
				D087BCEB26F4B8D400E16111 /* Preview Assets.xcassets */,
			);
			path = "Preview Content";
			sourceTree = "<group>";
		};
		D0AFEBFD26F901C20091FF8E /* Extensions */ = {
			isa = PBXGroup;
			children = (
				D0AFEBFE26F901E70091FF8E /* RemoveDuplicates.swift */,
			);
			path = Extensions;
			sourceTree = "<group>";
		};
		D0AFEC0026F9022C0091FF8E /* ViewModel */ = {
			isa = PBXGroup;
			children = (
				D0EFA54F26F51738005FBEDB /* SearchListViewModel.swift */,
			);
			path = ViewModel;
			sourceTree = "<group>";
		};
		D0AFEC0126F902440091FF8E /* Buttons */ = {
			isa = PBXGroup;
			children = (
				D0AFEBFB26F8F7870091FF8E /* UserButton.swift */,
				D0AFEC0226F91F520091FF8E /* XButton.swift */,
			);
			path = Buttons;
			sourceTree = "<group>";
		};
		D0EFA55D26F6934F005FBEDB /* Model */ = {
			isa = PBXGroup;
			children = (
				D087BCF426F4E37F00E16111 /* APIModel.swift */,
				D087BCF226F4BBD200E16111 /* UserModel.swift */,
				D0AFEC0426F924F90091FF8E /* UserRepos.swift */,
			);
			path = Model;
			sourceTree = "<group>";
		};
		D0EFA55E26F69385005FBEDB /* Views */ = {
			isa = PBXGroup;
			children = (
				D0EFA55F26F693BF005FBEDB /* Screens */,
				D0AFEC0126F902440091FF8E /* Buttons */,
				D087BCF626F4E6BB00E16111 /* UserListCell.swift */,
				D0D4057926F9B8400034D2A4 /* RepoListCell.swift */,
				D0EFA56326F6970B005FBEDB /* LoadingView.swift */,
				D0EFA56526F69DCB005FBEDB /* ErrorView.swift */,
			);
			path = Views;
			sourceTree = "<group>";
		};
		D0EFA55F26F693BF005FBEDB /* Screens */ = {
			isa = PBXGroup;
			children = (
				D087BCE626F4B8CE00E16111 /* SearchListView.swift */,
				D0AFEBF726F8F6750091FF8E /* UserDetailView.swift */,
			);
			path = Screens;
			sourceTree = "<group>";
		};
		D0EFA56026F69450005FBEDB /* Networking */ = {
			isa = PBXGroup;
			children = (
				D0EFA55526F67906005FBEDB /* ImageLoader.swift */,
				D0EFA55326F53E24005FBEDB /* APIData.swift */,
				D087BCF826F4F24E00E16111 /* APIClient.swift */,
			);
			path = Networking;
			sourceTree = "<group>";
		};
		D0EFA56126F69508005FBEDB /* Utilities */ = {
			isa = PBXGroup;
			children = (
				D0AFEBFD26F901C20091FF8E /* Extensions */,
				D0EFA56226F6951C005FBEDB /* ImageHelpers */,
			);
			path = Utilities;
			sourceTree = "<group>";
		};
		D0EFA56226F6951C005FBEDB /* ImageHelpers */ = {
			isa = PBXGroup;
			children = (
				D0EFA55926F68CB2005FBEDB /* ImageCache.swift */,
				D0EFA55B26F68D7E005FBEDB /* ImageUtil.swift */,
				D0EFA55726F679EB005FBEDB /* AsyncImage.swift */,
			);
			path = ImageHelpers;
			sourceTree = "<group>";
		};
/* End PBXGroup section */

/* Begin PBXNativeTarget section */
		D087BCE026F4B8CE00E16111 /* GitHubUserSearch */ = {
			isa = PBXNativeTarget;
			buildConfigurationList = D087BCEF26F4B8D400E16111 /* Build configuration list for PBXNativeTarget "GitHubUserSearch" */;
			buildPhases = (
				D087BCDD26F4B8CE00E16111 /* Sources */,
				D087BCDE26F4B8CE00E16111 /* Frameworks */,
				D087BCDF26F4B8CE00E16111 /* Resources */,
			);
			buildRules = (
			);
			dependencies = (
			);
			name = GitHubUserSearch;
			productName = GitHubUserSearch;
			productReference = D087BCE126F4B8CE00E16111 /* GitHubUserSearch.app */;
			productType = "com.apple.product-type.application";
		};
/* End PBXNativeTarget section */

/* Begin PBXProject section */
		D087BCD926F4B8CE00E16111 /* Project object */ = {
			isa = PBXProject;
			attributes = {
				BuildIndependentTargetsInParallel = 1;
				LastSwiftUpdateCheck = 1300;
				LastUpgradeCheck = 1300;
				TargetAttributes = {
					D087BCE026F4B8CE00E16111 = {
						CreatedOnToolsVersion = 13.0;
					};
				};
			};
			buildConfigurationList = D087BCDC26F4B8CE00E16111 /* Build configuration list for PBXProject "GitHubUserSearch" */;
			compatibilityVersion = "Xcode 13.0";
			developmentRegion = en;
			hasScannedForEncodings = 0;
			knownRegions = (
				en,
				Base,
			);
			mainGroup = D087BCD826F4B8CE00E16111;
			productRefGroup = D087BCE226F4B8CE00E16111 /* Products */;
			projectDirPath = "";
			projectRoot = "";
			targets = (
				D087BCE026F4B8CE00E16111 /* GitHubUserSearch */,
			);
		};
/* End PBXProject section */

/* Begin PBXResourcesBuildPhase section */
		D087BCDF26F4B8CE00E16111 /* Resources */ = {
			isa = PBXResourcesBuildPhase;
			buildActionMask = 2147483647;
			files = (
				D087BCEC26F4B8D400E16111 /* Preview Assets.xcassets in Resources */,
				D087BCE926F4B8D400E16111 /* Assets.xcassets in Resources */,
			);
			runOnlyForDeploymentPostprocessing = 0;
		};
/* End PBXResourcesBuildPhase section */

/* Begin PBXSourcesBuildPhase section */
		D087BCDD26F4B8CE00E16111 /* Sources */ = {
			isa = PBXSourcesBuildPhase;
			buildActionMask = 2147483647;
			files = (
				D0EFA55A26F68CB2005FBEDB /* ImageCache.swift in Sources */,
				D0AFEBFF26F901E70091FF8E /* RemoveDuplicates.swift in Sources */,
				D087BCF726F4E6BB00E16111 /* UserListCell.swift in Sources */,
				D0D4057A26F9B8400034D2A4 /* RepoListCell.swift in Sources */,
				D087BCF526F4E37F00E16111 /* APIModel.swift in Sources */,
				D0AFEBFC26F8F7870091FF8E /* UserButton.swift in Sources */,
				D0EFA55C26F68D7E005FBEDB /* ImageUtil.swift in Sources */,
				D0AFEC0526F924F90091FF8E /* UserRepos.swift in Sources */,
				D087BCE726F4B8CE00E16111 /* SearchListView.swift in Sources */,
				D0EFA55826F679EB005FBEDB /* AsyncImage.swift in Sources */,
				D0EFA55026F51738005FBEDB /* SearchListViewModel.swift in Sources */,
				D0EFA55426F53E24005FBEDB /* APIData.swift in Sources */,
				D0EFA55626F67906005FBEDB /* ImageLoader.swift in Sources */,
				D087BCF926F4F24E00E16111 /* APIClient.swift in Sources */,
				D087BCF326F4BBD200E16111 /* UserModel.swift in Sources */,
				D0EFA56626F69DCB005FBEDB /* ErrorView.swift in Sources */,
				D0EFA56426F6970B005FBEDB /* LoadingView.swift in Sources */,
				D0AFEC0326F91F520091FF8E /* XButton.swift in Sources */,
				D0AFEBF826F8F6750091FF8E /* UserDetailView.swift in Sources */,
				D087BCE526F4B8CE00E16111 /* GitHubUserSearchApp.swift in Sources */,
			);
			runOnlyForDeploymentPostprocessing = 0;
		};
/* End PBXSourcesBuildPhase section */

/* Begin XCBuildConfiguration section */
		D087BCED26F4B8D400E16111 /* Debug */ = {
			isa = XCBuildConfiguration;
			buildSettings = {
				ALWAYS_SEARCH_USER_PATHS = NO;
				CLANG_ANALYZER_NONNULL = YES;
				CLANG_ANALYZER_NUMBER_OBJECT_CONVERSION = YES_AGGRESSIVE;
				CLANG_CXX_LANGUAGE_STANDARD = "gnu++17";
				CLANG_CXX_LIBRARY = "libc++";
				CLANG_ENABLE_MODULES = YES;
				CLANG_ENABLE_OBJC_ARC = YES;
				CLANG_ENABLE_OBJC_WEAK = YES;
				CLANG_WARN_BLOCK_CAPTURE_AUTORELEASING = YES;
				CLANG_WARN_BOOL_CONVERSION = YES;
				CLANG_WARN_COMMA = YES;
				CLANG_WARN_CONSTANT_CONVERSION = YES;
				CLANG_WARN_DEPRECATED_OBJC_IMPLEMENTATIONS = YES;
				CLANG_WARN_DIRECT_OBJC_ISA_USAGE = YES_ERROR;
				CLANG_WARN_DOCUMENTATION_COMMENTS = YES;
				CLANG_WARN_EMPTY_BODY = YES;
				CLANG_WARN_ENUM_CONVERSION = YES;
				CLANG_WARN_INFINITE_RECURSION = YES;
				CLANG_WARN_INT_CONVERSION = YES;
				CLANG_WARN_NON_LITERAL_NULL_CONVERSION = YES;
				CLANG_WARN_OBJC_IMPLICIT_RETAIN_SELF = YES;
				CLANG_WARN_OBJC_LITERAL_CONVERSION = YES;
				CLANG_WARN_OBJC_ROOT_CLASS = YES_ERROR;
				CLANG_WARN_QUOTED_INCLUDE_IN_FRAMEWORK_HEADER = YES;
				CLANG_WARN_RANGE_LOOP_ANALYSIS = YES;
				CLANG_WARN_STRICT_PROTOTYPES = YES;
				CLANG_WARN_SUSPICIOUS_MOVE = YES;
				CLANG_WARN_UNGUARDED_AVAILABILITY = YES_AGGRESSIVE;
				CLANG_WARN_UNREACHABLE_CODE = YES;
				CLANG_WARN__DUPLICATE_METHOD_MATCH = YES;
				COPY_PHASE_STRIP = NO;
				DEBUG_INFORMATION_FORMAT = dwarf;
				ENABLE_STRICT_OBJC_MSGSEND = YES;
				ENABLE_TESTABILITY = YES;
				GCC_C_LANGUAGE_STANDARD = gnu11;
				GCC_DYNAMIC_NO_PIC = NO;
				GCC_NO_COMMON_BLOCKS = YES;
				GCC_OPTIMIZATION_LEVEL = 0;
				GCC_PREPROCESSOR_DEFINITIONS = (
					"DEBUG=1",
					"$(inherited)",
				);
				GCC_WARN_64_TO_32_BIT_CONVERSION = YES;
				GCC_WARN_ABOUT_RETURN_TYPE = YES_ERROR;
				GCC_WARN_UNDECLARED_SELECTOR = YES;
				GCC_WARN_UNINITIALIZED_AUTOS = YES_AGGRESSIVE;
				GCC_WARN_UNUSED_FUNCTION = YES;
				GCC_WARN_UNUSED_VARIABLE = YES;
				IPHONEOS_DEPLOYMENT_TARGET = 15.0;
				MTL_ENABLE_DEBUG_INFO = INCLUDE_SOURCE;
				MTL_FAST_MATH = YES;
				ONLY_ACTIVE_ARCH = YES;
				SDKROOT = iphoneos;
				SWIFT_ACTIVE_COMPILATION_CONDITIONS = DEBUG;
				SWIFT_OPTIMIZATION_LEVEL = "-Onone";
			};
			name = Debug;
		};
		D087BCEE26F4B8D400E16111 /* Release */ = {
			isa = XCBuildConfiguration;
			buildSettings = {
				ALWAYS_SEARCH_USER_PATHS = NO;
				CLANG_ANALYZER_NONNULL = YES;
				CLANG_ANALYZER_NUMBER_OBJECT_CONVERSION = YES_AGGRESSIVE;
				CLANG_CXX_LANGUAGE_STANDARD = "gnu++17";
				CLANG_CXX_LIBRARY = "libc++";
				CLANG_ENABLE_MODULES = YES;
				CLANG_ENABLE_OBJC_ARC = YES;
				CLANG_ENABLE_OBJC_WEAK = YES;
				CLANG_WARN_BLOCK_CAPTURE_AUTORELEASING = YES;
				CLANG_WARN_BOOL_CONVERSION = YES;
				CLANG_WARN_COMMA = YES;
				CLANG_WARN_CONSTANT_CONVERSION = YES;
				CLANG_WARN_DEPRECATED_OBJC_IMPLEMENTATIONS = YES;
				CLANG_WARN_DIRECT_OBJC_ISA_USAGE = YES_ERROR;
				CLANG_WARN_DOCUMENTATION_COMMENTS = YES;
				CLANG_WARN_EMPTY_BODY = YES;
				CLANG_WARN_ENUM_CONVERSION = YES;
				CLANG_WARN_INFINITE_RECURSION = YES;
				CLANG_WARN_INT_CONVERSION = YES;
				CLANG_WARN_NON_LITERAL_NULL_CONVERSION = YES;
				CLANG_WARN_OBJC_IMPLICIT_RETAIN_SELF = YES;
				CLANG_WARN_OBJC_LITERAL_CONVERSION = YES;
				CLANG_WARN_OBJC_ROOT_CLASS = YES_ERROR;
				CLANG_WARN_QUOTED_INCLUDE_IN_FRAMEWORK_HEADER = YES;
				CLANG_WARN_RANGE_LOOP_ANALYSIS = YES;
				CLANG_WARN_STRICT_PROTOTYPES = YES;
				CLANG_WARN_SUSPICIOUS_MOVE = YES;
				CLANG_WARN_UNGUARDED_AVAILABILITY = YES_AGGRESSIVE;
				CLANG_WARN_UNREACHABLE_CODE = YES;
				CLANG_WARN__DUPLICATE_METHOD_MATCH = YES;
				COPY_PHASE_STRIP = NO;
				DEBUG_INFORMATION_FORMAT = "dwarf-with-dsym";
				ENABLE_NS_ASSERTIONS = NO;
				ENABLE_STRICT_OBJC_MSGSEND = YES;
				GCC_C_LANGUAGE_STANDARD = gnu11;
				GCC_NO_COMMON_BLOCKS = YES;
				GCC_WARN_64_TO_32_BIT_CONVERSION = YES;
				GCC_WARN_ABOUT_RETURN_TYPE = YES_ERROR;
				GCC_WARN_UNDECLARED_SELECTOR = YES;
				GCC_WARN_UNINITIALIZED_AUTOS = YES_AGGRESSIVE;
				GCC_WARN_UNUSED_FUNCTION = YES;
				GCC_WARN_UNUSED_VARIABLE = YES;
				IPHONEOS_DEPLOYMENT_TARGET = 15.0;
				MTL_ENABLE_DEBUG_INFO = NO;
				MTL_FAST_MATH = YES;
				SDKROOT = iphoneos;
				SWIFT_COMPILATION_MODE = wholemodule;
				SWIFT_OPTIMIZATION_LEVEL = "-O";
				VALIDATE_PRODUCT = YES;
			};
			name = Release;
		};
		D087BCF026F4B8D400E16111 /* Debug */ = {
			isa = XCBuildConfiguration;
			buildSettings = {
				ASSETCATALOG_COMPILER_APPICON_NAME = AppIcon;
				ASSETCATALOG_COMPILER_GLOBAL_ACCENT_COLOR_NAME = AccentColor;
				CODE_SIGN_STYLE = Automatic;
				CURRENT_PROJECT_VERSION = 1;
				DEVELOPMENT_ASSET_PATHS = "\"GitHubUserSearch/Preview Content\"";
				DEVELOPMENT_TEAM = UB2HCX38P3;
				ENABLE_PREVIEWS = YES;
				GENERATE_INFOPLIST_FILE = YES;
				INFOPLIST_KEY_UIApplicationSceneManifest_Generation = YES;
				INFOPLIST_KEY_UIApplicationSupportsIndirectInputEvents = YES;
				INFOPLIST_KEY_UILaunchScreen_Generation = YES;
				INFOPLIST_KEY_UISupportedInterfaceOrientations_iPad = "UIInterfaceOrientationPortrait UIInterfaceOrientationPortraitUpsideDown UIInterfaceOrientationLandscapeLeft UIInterfaceOrientationLandscapeRight";
				INFOPLIST_KEY_UISupportedInterfaceOrientations_iPhone = "UIInterfaceOrientationPortrait UIInterfaceOrientationLandscapeLeft UIInterfaceOrientationLandscapeRight";
				IPHONEOS_DEPLOYMENT_TARGET = 15.0;
				LD_RUNPATH_SEARCH_PATHS = (
					"$(inherited)",
					"@executable_path/Frameworks",
				);
				MARKETING_VERSION = 1.0;
				PRODUCT_BUNDLE_IDENTIFIER = com.LukaszDziwosz.GitHubUserSearch;
				PRODUCT_NAME = "$(TARGET_NAME)";
				SWIFT_EMIT_LOC_STRINGS = YES;
				SWIFT_VERSION = 5.0;
				TARGETED_DEVICE_FAMILY = "1,2";
			};
			name = Debug;
		};
		D087BCF126F4B8D400E16111 /* Release */ = {
			isa = XCBuildConfiguration;
			buildSettings = {
				ASSETCATALOG_COMPILER_APPICON_NAME = AppIcon;
				ASSETCATALOG_COMPILER_GLOBAL_ACCENT_COLOR_NAME = AccentColor;
				CODE_SIGN_STYLE = Automatic;
				CURRENT_PROJECT_VERSION = 1;
				DEVELOPMENT_ASSET_PATHS = "\"GitHubUserSearch/Preview Content\"";
				DEVELOPMENT_TEAM = UB2HCX38P3;
				ENABLE_PREVIEWS = YES;
				GENERATE_INFOPLIST_FILE = YES;
				INFOPLIST_KEY_UIApplicationSceneManifest_Generation = YES;
				INFOPLIST_KEY_UIApplicationSupportsIndirectInputEvents = YES;
				INFOPLIST_KEY_UILaunchScreen_Generation = YES;
				INFOPLIST_KEY_UISupportedInterfaceOrientations_iPad = "UIInterfaceOrientationPortrait UIInterfaceOrientationPortraitUpsideDown UIInterfaceOrientationLandscapeLeft UIInterfaceOrientationLandscapeRight";
				INFOPLIST_KEY_UISupportedInterfaceOrientations_iPhone = "UIInterfaceOrientationPortrait UIInterfaceOrientationLandscapeLeft UIInterfaceOrientationLandscapeRight";
				IPHONEOS_DEPLOYMENT_TARGET = 15.0;
				LD_RUNPATH_SEARCH_PATHS = (
					"$(inherited)",
					"@executable_path/Frameworks",
				);
				MARKETING_VERSION = 1.0;
				PRODUCT_BUNDLE_IDENTIFIER = com.LukaszDziwosz.GitHubUserSearch;
				PRODUCT_NAME = "$(TARGET_NAME)";
				SWIFT_EMIT_LOC_STRINGS = YES;
				SWIFT_VERSION = 5.0;
				TARGETED_DEVICE_FAMILY = "1,2";
			};
			name = Release;
		};
/* End XCBuildConfiguration section */

/* Begin XCConfigurationList section */
		D087BCDC26F4B8CE00E16111 /* Build configuration list for PBXProject "GitHubUserSearch" */ = {
			isa = XCConfigurationList;
			buildConfigurations = (
				D087BCED26F4B8D400E16111 /* Debug */,
				D087BCEE26F4B8D400E16111 /* Release */,
			);
			defaultConfigurationIsVisible = 0;
			defaultConfigurationName = Release;
		};
		D087BCEF26F4B8D400E16111 /* Build configuration list for PBXNativeTarget "GitHubUserSearch" */ = {
			isa = XCConfigurationList;
			buildConfigurations = (
				D087BCF026F4B8D400E16111 /* Debug */,
				D087BCF126F4B8D400E16111 /* Release */,
			);
			defaultConfigurationIsVisible = 0;
			defaultConfigurationName = Release;
		};
/* End XCConfigurationList section */
	};
	rootObject = D087BCD926F4B8CE00E16111 /* Project object */;
}
